
Microsoft Visual Studio Solution File, Format Version 12.00
# Visual Studio Version 17
VisualStudioVersion = 17.10.35122.118
MinimumVisualStudioVersion = 10.0.40219.1
Project("{9A19103F-16F7-4668-BE54-9A1E7A4F7556}") = "CKALEDEPOTAKIP", "CKALEDEPOTAKIP\CKALEDEPOTAKIP.csproj", "{8E2D27C3-6C19-4EBB-A0CA-5AB31C0F479A}"
EndProject
Global
	GlobalSection(SolutionConfigurationPlatforms) = preSolution
		Debug|Any CPU = Debug|Any CPU
		Release|Any CPU = Release|Any CPU
	EndGlobalSection
	GlobalSection(ProjectConfigurationPlatforms) = postSolution
		{8E2D27C3-6C19-4EBB-A0CA-5AB31C0F479A}.Debug|Any CPU.ActiveCfg = Release|Any CPU
		{8E2D27C3-6C19-4EBB-A0CA-5AB31C0F479A}.Debug|Any CPU.Build.0 = Release|Any CPU
		{8E2D27C3-6C19-4EBB-A0CA-5AB31C0F479A}.Release|Any CPU.ActiveCfg = Release|Any CPU
		{8E2D27C3-6C19-4EBB-A0CA-5AB31C0F479A}.Release|Any CPU.Build.0 = Release|Any CPU
	EndGlobalSection
	GlobalSection(SolutionProperties) = preSolution
		HideSolutionNode = FALSE
	EndGlobalSection
	GlobalSection(ExtensibilityGlobals) = postSolution
		SolutionGuid = {74620D96-8AA2-4488-952B-8D1E9811954B}
	EndGlobalSection
EndGlobal
